Microsoft Visual Studio Solution File, Format Version 12.00
# Visual Studio Version 17
VisualStudioVersion = 17.5.2.0
MinimumVisualStudioVersion = 10.0.40219.1
Project("{FAE04EC0-301F-11D3-BF4B-00C04F79EFBC}") = "MandelbrotSet", "MandelbrotSet.csproj", "{1C1C1945-9904-00E9-08F1-87BA6444A699}"
EndProject
Global
	GlobalSection(SolutionConfigurationPlatforms) = preSolution
		Debug|Any CPU = Debug|Any CPU
		Release|Any CPU = Release|Any CPU
	EndGlobalSection
	GlobalSection(ProjectConfigurationPlatforms) = postSolution
		{1C1C1945-9904-00E9-08F1-87BA6444A699}.Debug|Any CPU.ActiveCfg = Debug|Any CPU
		{1C1C1945-9904-00E9-08F1-87BA6444A699}.Debug|Any CPU.Build.0 = Debug|Any CPU
		{1C1C1945-9904-00E9-08F1-87BA6444A699}.Release|Any CPU.ActiveCfg = Release|Any CPU
		{1C1C1945-9904-00E9-08F1-87BA6444A699}.Release|Any CPU.Build.0 = Release|Any CPU
	EndGlobalSection
	GlobalSection(SolutionProperties) = preSolution
		HideSolutionNode = FALSE
	EndGlobalSection
	GlobalSection(ExtensibilityGlobals) = postSolution
		SolutionGuid = {1E517C9E-B0F7-444D-8449-5ADA8830FC37}
	EndGlobalSection
EndGlobal
